// !$*UTF8*$!
{
	archiveVersion = 1;
	classes = {
	};
	objectVersion = 50;
	objects = {

/* Begin PBXBuildFile section */
		7226E16122D3C12700370D23 /* AppDelegate.swift in Sources */ = {isa = PBXBuildFile; fileRef = 7226E16022D3C12700370D23 /* AppDelegate.swift */; };
		7226E16322D3C12700370D23 /* RootViewController.swift in Sources */ = {isa = PBXBuildFile; fileRef = 7226E16222D3C12700370D23 /* RootViewController.swift */; };
		7226E16822D3C12900370D23 /* Assets.xcassets in Resources */ = {isa = PBXBuildFile; fileRef = 7226E16722D3C12900370D23 /* Assets.xcassets */; };
		7226E16B22D3C12900370D23 /* LaunchScreen.storyboard in Resources */ = {isa = PBXBuildFile; fileRef = 7226E16922D3C12900370D23 /* LaunchScreen.storyboard */; };
		7226E17622D3C12900370D23 /* anesmusicTests.swift in Sources */ = {isa = PBXBuildFile; fileRef = 7226E17522D3C12900370D23 /* anesmusicTests.swift */; };
		7226E18A22D3F31A00370D23 /* ApiClient.swift in Sources */ = {isa = PBXBuildFile; fileRef = 7226E18922D3F31A00370D23 /* ApiClient.swift */; };
		729D89A822D50494001D7956 /* SDWebImage.framework in Frameworks */ = {isa = PBXBuildFile; fileRef = 729D89A722D50493001D7956 /* SDWebImage.framework */; };
		729D89AA22D520A2001D7956 /* InfinityScrollViewModel.swift in Sources */ = {isa = PBXBuildFile; fileRef = 729D89A922D520A2001D7956 /* InfinityScrollViewModel.swift */; };
		729D89AC22D52322001D7956 /* AlbumsViewController.swift in Sources */ = {isa = PBXBuildFile; fileRef = 729D89AB22D52322001D7956 /* AlbumsViewController.swift */; };
		72C0A1AA22D4D6D700E823FE /* GenresViewController.swift in Sources */ = {isa = PBXBuildFile; fileRef = 72C0A1A922D4D6D700E823FE /* GenresViewController.swift */; };
		72C0A1AE22D4F24100E823FE /* ArtistsViewController.swift in Sources */ = {isa = PBXBuildFile; fileRef = 72C0A1AD22D4F24100E823FE /* ArtistsViewController.swift */; };
		72C0A1B222D4F3CE00E823FE /* Alamofire.framework in Frameworks */ = {isa = PBXBuildFile; fileRef = 72C0A1AF22D4F3CE00E823FE /* Alamofire.framework */; };
		72C0A1B322D4F3CE00E823FE /* PMKAlamofire.framework in Frameworks */ = {isa = PBXBuildFile; fileRef = 72C0A1B022D4F3CE00E823FE /* PMKAlamofire.framework */; };
		72C0A1B422D4F3CE00E823FE /* PromiseKit.framework in Frameworks */ = {isa = PBXBuildFile; fileRef = 72C0A1B122D4F3CE00E823FE /* PromiseKit.framework */; };
/* End PBXBuildFile section */

/* Begin PBXContainerItemProxy section */
		7226E17222D3C12900370D23 /* PBXContainerItemProxy */ = {
			isa = PBXContainerItemProxy;
			containerPortal = 7226E15522D3C12700370D23 /* Project object */;
			proxyType = 1;
			remoteGlobalIDString = 7226E15C22D3C12700370D23;
			remoteInfo = anesmusic;
		};
/* End PBXContainerItemProxy section */

/* Begin PBXFileReference section */
		7226E15D22D3C12700370D23 /* anesmusic.app */ = {isa = PBXFileReference; explicitFileType = wrapper.application; includeInIndex = 0; path = anesmusic.app; sourceTree = BUILT_PRODUCTS_DIR; };
		7226E16022D3C12700370D23 /* AppDelegate.swift */ = {isa = PBXFileReference; lastKnownFileType = sourcecode.swift; path = AppDelegate.swift; sourceTree = "<group>"; };
		7226E16222D3C12700370D23 /* RootViewController.swift */ = {isa = PBXFileReference; lastKnownFileType = sourcecode.swift; path = RootViewController.swift; sourceTree = "<group>"; };
		7226E16722D3C12900370D23 /* Assets.xcassets */ = {isa = PBXFileReference; lastKnownFileType = folder.assetcatalog; path = Assets.xcassets; sourceTree = "<group>"; };
		7226E16A22D3C12900370D23 /* Base */ = {isa = PBXFileReference; lastKnownFileType = file.storyboard; name = Base; path = Base.lproj/LaunchScreen.storyboard; sourceTree = "<group>"; };
		7226E16C22D3C12900370D23 /* Info.plist */ = {isa = PBXFileReference; lastKnownFileType = text.plist.xml; path = Info.plist; sourceTree = "<group>"; };
		7226E17122D3C12900370D23 /* anesmusicTests.xctest */ = {isa = PBXFileReference; explicitFileType = wrapper.cfbundle; includeInIndex = 0; path = anesmusicTests.xctest; sourceTree = BUILT_PRODUCTS_DIR; };
		7226E17522D3C12900370D23 /* anesmusicTests.swift */ = {isa = PBXFileReference; lastKnownFileType = sourcecode.swift; path = anesmusicTests.swift; sourceTree = "<group>"; };
		7226E17722D3C12900370D23 /* Info.plist */ = {isa = PBXFileReference; lastKnownFileType = text.plist.xml; path = Info.plist; sourceTree = "<group>"; };
		7226E18922D3F31A00370D23 /* ApiClient.swift */ = {isa = PBXFileReference; lastKnownFileType = sourcecode.swift; path = ApiClient.swift; sourceTree = "<group>"; };
		729D89A722D50493001D7956 /* SDWebImage.framework */ = {isa = PBXFileReference; lastKnownFileType = wrapper.framework; name = SDWebImage.framework; path = Carthage/Build/iOS/SDWebImage.framework; sourceTree = "<group>"; };
		729D89A922D520A2001D7956 /* InfinityScrollViewModel.swift */ = {isa = PBXFileReference; lastKnownFileType = sourcecode.swift; path = InfinityScrollViewModel.swift; sourceTree = "<group>"; };
		729D89AB22D52322001D7956 /* AlbumsViewController.swift */ = {isa = PBXFileReference; lastKnownFileType = sourcecode.swift; path = AlbumsViewController.swift; sourceTree = "<group>"; };
		72C0A1A922D4D6D700E823FE /* GenresViewController.swift */ = {isa = PBXFileReference; lastKnownFileType = sourcecode.swift; path = GenresViewController.swift; sourceTree = "<group>"; };
		72C0A1AD22D4F24100E823FE /* ArtistsViewController.swift */ = {isa = PBXFileReference; lastKnownFileType = sourcecode.swift; path = ArtistsViewController.swift; sourceTree = "<group>"; };
		72C0A1AF22D4F3CE00E823FE /* Alamofire.framework */ = {isa = PBXFileReference; lastKnownFileType = wrapper.framework; name = Alamofire.framework; path = Carthage/Build/iOS/Alamofire.framework; sourceTree = "<group>"; };
		72C0A1B022D4F3CE00E823FE /* PMKAlamofire.framework */ = {isa = PBXFileReference; lastKnownFileType = wrapper.framework; name = PMKAlamofire.framework; path = Carthage/Build/iOS/PMKAlamofire.framework; sourceTree = "<group>"; };
		72C0A1B122D4F3CE00E823FE /* PromiseKit.framework */ = {isa = PBXFileReference; lastKnownFileType = wrapper.framework; name = PromiseKit.framework; path = Carthage/Build/iOS/PromiseKit.framework; sourceTree = "<group>"; };
/* End PBXFileReference section */

/* Begin PBXFrameworksBuildPhase section */
		7226E15A22D3C12700370D23 /* Frameworks */ = {
			isa = PBXFrameworksBuildPhase;
			buildActionMask = 2147483647;
			files = (
				729D89A822D50494001D7956 /* SDWebImage.framework in Frameworks */,
				72C0A1B422D4F3CE00E823FE /* PromiseKit.framework in Frameworks */,
				72C0A1B322D4F3CE00E823FE /* PMKAlamofire.framework in Frameworks */,
				72C0A1B222D4F3CE00E823FE /* Alamofire.framework in Frameworks */,
			);
			runOnlyForDeploymentPostprocessing = 0;
		};
		7226E16E22D3C12900370D23 /* Frameworks */ = {
			isa = PBXFrameworksBuildPhase;
			buildActionMask = 2147483647;
			files = (
			);
			runOnlyForDeploymentPostprocessing = 0;
		};
/* End PBXFrameworksBuildPhase section */

/* Begin PBXGroup section */
		7226E15422D3C12700370D23 = {
			isa = PBXGroup;
			children = (
				729D89A722D50493001D7956 /* SDWebImage.framework */,
				72C0A1AF22D4F3CE00E823FE /* Alamofire.framework */,
				72C0A1B022D4F3CE00E823FE /* PMKAlamofire.framework */,
				72C0A1B122D4F3CE00E823FE /* PromiseKit.framework */,
				7226E15F22D3C12700370D23 /* anesmusic */,
				7226E17422D3C12900370D23 /* anesmusicTests */,
				7226E15E22D3C12700370D23 /* Products */,
			);
			sourceTree = "<group>";
		};
		7226E15E22D3C12700370D23 /* Products */ = {
			isa = PBXGroup;
			children = (
				7226E15D22D3C12700370D23 /* anesmusic.app */,
				7226E17122D3C12900370D23 /* anesmusicTests.xctest */,
			);
			name = Products;
			sourceTree = "<group>";
		};
		7226E15F22D3C12700370D23 /* anesmusic */ = {
			isa = PBXGroup;
			children = (
				7226E16022D3C12700370D23 /* AppDelegate.swift */,
				7226E16222D3C12700370D23 /* RootViewController.swift */,
				7226E16722D3C12900370D23 /* Assets.xcassets */,
				7226E16922D3C12900370D23 /* LaunchScreen.storyboard */,
				7226E16C22D3C12900370D23 /* Info.plist */,
				7226E18922D3F31A00370D23 /* ApiClient.swift */,
				72C0A1A922D4D6D700E823FE /* GenresViewController.swift */,
				72C0A1AD22D4F24100E823FE /* ArtistsViewController.swift */,
				729D89A922D520A2001D7956 /* InfinityScrollViewModel.swift */,
				729D89AB22D52322001D7956 /* AlbumsViewController.swift */,
			);
			path = anesmusic;
			sourceTree = "<group>";
		};
		7226E17422D3C12900370D23 /* anesmusicTests */ = {
			isa = PBXGroup;
			children = (
				7226E17522D3C12900370D23 /* anesmusicTests.swift */,
				7226E17722D3C12900370D23 /* Info.plist */,
			);
			path = anesmusicTests;
			sourceTree = "<group>";
		};
/* End PBXGroup section */

/* Begin PBXNativeTarget section */
		7226E15C22D3C12700370D23 /* anesmusic */ = {
			isa = PBXNativeTarget;
			buildConfigurationList = 7226E17A22D3C12900370D23 /* Build configuration list for PBXNativeTarget "anesmusic" */;
			buildPhases = (
				7226E15922D3C12700370D23 /* Sources */,
				7226E15A22D3C12700370D23 /* Frameworks */,
				7226E15B22D3C12700370D23 /* Resources */,
				7226E18222D3D3E300370D23 /* ShellScript */,
			);
			buildRules = (
			);
			dependencies = (
			);
			name = anesmusic;
			productName = anesmusic;
			productReference = 7226E15D22D3C12700370D23 /* anesmusic.app */;
			productType = "com.apple.product-type.application";
		};
		7226E17022D3C12900370D23 /* anesmusicTests */ = {
			isa = PBXNativeTarget;
			buildConfigurationList = 7226E17D22D3C12900370D23 /* Build configuration list for PBXNativeTarget "anesmusicTests" */;
			buildPhases = (
				7226E16D22D3C12900370D23 /* Sources */,
				7226E16E22D3C12900370D23 /* Frameworks */,
				7226E16F22D3C12900370D23 /* Resources */,
			);
			buildRules = (
			);
			dependencies = (
				7226E17322D3C12900370D23 /* PBXTargetDependency */,
			);
			name = anesmusicTests;
			productName = anesmusicTests;
			productReference = 7226E17122D3C12900370D23 /* anesmusicTests.xctest */;
			productType = "com.apple.product-type.bundle.unit-test";
		};
/* End PBXNativeTarget section */

/* Begin PBXProject section */
		7226E15522D3C12700370D23 /* Project object */ = {
			isa = PBXProject;
			attributes = {
				LastSwiftUpdateCheck = 1020;
				LastUpgradeCheck = 1020;
				ORGANIZATIONNAME = "Leonardo da Silva";
				TargetAttributes = {
					7226E15C22D3C12700370D23 = {
						CreatedOnToolsVersion = 10.2.1;
					};
					7226E17022D3C12900370D23 = {
						CreatedOnToolsVersion = 10.2.1;
						TestTargetID = 7226E15C22D3C12700370D23;
					};
				};
			};
			buildConfigurationList = 7226E15822D3C12700370D23 /* Build configuration list for PBXProject "anesmusic" */;
			compatibilityVersion = "Xcode 9.3";
			developmentRegion = en;
			hasScannedForEncodings = 0;
			knownRegions = (
				en,
				Base,
			);
			mainGroup = 7226E15422D3C12700370D23;
			productRefGroup = 7226E15E22D3C12700370D23 /* Products */;
			projectDirPath = "";
			projectRoot = "";
			targets = (
				7226E15C22D3C12700370D23 /* anesmusic */,
				7226E17022D3C12900370D23 /* anesmusicTests */,
			);
		};
/* End PBXProject section */

/* Begin PBXResourcesBuildPhase section */
		7226E15B22D3C12700370D23 /* Resources */ = {
			isa = PBXResourcesBuildPhase;
			buildActionMask = 2147483647;
			files = (
				7226E16B22D3C12900370D23 /* LaunchScreen.storyboard in Resources */,
				7226E16822D3C12900370D23 /* Assets.xcassets in Resources */,
			);
			runOnlyForDeploymentPostprocessing = 0;
		};
		7226E16F22D3C12900370D23 /* Resources */ = {
			isa = PBXResourcesBuildPhase;
			buildActionMask = 2147483647;
			files = (
			);
			runOnlyForDeploymentPostprocessing = 0;
		};
/* End PBXResourcesBuildPhase section */

/* Begin PBXShellScriptBuildPhase section */
		7226E18222D3D3E300370D23 /* ShellScript */ = {
			isa = PBXShellScriptBuildPhase;
			buildActionMask = 2147483647;
			files = (
			);
			inputFileListPaths = (
			);
			inputPaths = (
				"$(SRCROOT)/Carthage/Build/iOS/Alamofire.framework",
				"$(SRCROOT)/Carthage/Build/iOS/PromiseKit.framework",
				"$(SRCROOT)/Carthage/Build/iOS/PMKAlamofire.framework",
				"$(SRCROOT)/Carthage/Build/iOS/SDWebImage.framework",
			);
			outputFileListPaths = (
			);
			outputPaths = (
				"$(BUILT_PRODUCTS_DIR)/$(FRAMEWORKS_FOLDER_PATH)/Alamofire.framework",
				"$(BUILT_PRODUCTS_DIR)/$(FRAMEWORKS_FOLDER_PATH)/PMKAlamofire.framework",
				"$(BUILT_PRODUCTS_DIR)/$(FRAMEWORKS_FOLDER_PATH)/PromiseKit.framework",
				"$(BUILT_PRODUCTS_DIR)/$(FRAMEWORKS_FOLDER_PATH)/SDWebImage.framework",
			);
			runOnlyForDeploymentPostprocessing = 0;
			shellPath = /bin/sh;
			shellScript = "/usr/local/bin/carthage copy-frameworks\n";
		};
/* End PBXShellScriptBuildPhase section */

/* Begin PBXSourcesBuildPhase section */
		7226E15922D3C12700370D23 /* Sources */ = {
			isa = PBXSourcesBuildPhase;
			buildActionMask = 2147483647;
			files = (
				729D89AC22D52322001D7956 /* AlbumsViewController.swift in Sources */,
				72C0A1AA22D4D6D700E823FE /* GenresViewController.swift in Sources */,
				729D89AA22D520A2001D7956 /* InfinityScrollViewModel.swift in Sources */,
				7226E16322D3C12700370D23 /* RootViewController.swift in Sources */,
				7226E16122D3C12700370D23 /* AppDelegate.swift in Sources */,
				72C0A1AE22D4F24100E823FE /* ArtistsViewController.swift in Sources */,
				7226E18A22D3F31A00370D23 /* ApiClient.swift in Sources */,
			);
			runOnlyForDeploymentPostprocessing = 0;
		};
		7226E16D22D3C12900370D23 /* Sources */ = {
			isa = PBXSourcesBuildPhase;
			buildActionMask = 2147483647;
			files = (
				7226E17622D3C12900370D23 /* anesmusicTests.swift in Sources */,
			);
			runOnlyForDeploymentPostprocessing = 0;
		};
/* End PBXSourcesBuildPhase section */

/* Begin PBXTargetDependency section */
		7226E17322D3C12900370D23 /* PBXTargetDependency */ = {
			isa = PBXTargetDependency;
			target = 7226E15C22D3C12700370D23 /* anesmusic */;
			targetProxy = 7226E17222D3C12900370D23 /* PBXContainerItemProxy */;
		};
/* End PBXTargetDependency section */

/* Begin PBXVariantGroup section */
		7226E16922D3C12900370D23 /* LaunchScreen.storyboard */ = {
			isa = PBXVariantGroup;
			children = (
				7226E16A22D3C12900370D23 /* Base */,
			);
			name = LaunchScreen.storyboard;
			sourceTree = "<group>";
		};
/* End PBXVariantGroup section */

/* Begin XCBuildConfiguration section */
		7226E17822D3C12900370D23 /* Debug */ = {
			isa = XCBuildConfiguration;
			buildSettings = {
				ALWAYS_SEARCH_USER_PATHS = NO;
				CLANG_ANALYZER_NONNULL = YES;
				CLANG_ANALYZER_NUMBER_OBJECT_CONVERSION = YES_AGGRESSIVE;
				CLANG_CXX_LANGUAGE_STANDARD = "gnu++14";
				CLANG_CXX_LIBRARY = "libc++";
				CLANG_ENABLE_MODULES = YES;
				CLANG_ENABLE_OBJC_ARC = YES;
				CLANG_ENABLE_OBJC_WEAK = YES;
				CLANG_WARN_BLOCK_CAPTURE_AUTORELEASING = YES;
				CLANG_WARN_BOOL_CONVERSION = YES;
				CLANG_WARN_COMMA = YES;
				CLANG_WARN_CONSTANT_CONVERSION = YES;
				CLANG_WARN_DEPRECATED_OBJC_IMPLEMENTATIONS = YES;
				CLANG_WARN_DIRECT_OBJC_ISA_USAGE = YES_ERROR;
				CLANG_WARN_DOCUMENTATION_COMMENTS = YES;
				CLANG_WARN_EMPTY_BODY = YES;
				CLANG_WARN_ENUM_CONVERSION = YES;
				CLANG_WARN_INFINITE_RECURSION = YES;
				CLANG_WARN_INT_CONVERSION = YES;
				CLANG_WARN_NON_LITERAL_NULL_CONVERSION = YES;
				CLANG_WARN_OBJC_IMPLICIT_RETAIN_SELF = YES;
				CLANG_WARN_OBJC_LITERAL_CONVERSION = YES;
				CLANG_WARN_OBJC_ROOT_CLASS = YES_ERROR;
				CLANG_WARN_RANGE_LOOP_ANALYSIS = YES;
				CLANG_WARN_STRICT_PROTOTYPES = YES;
				CLANG_WARN_SUSPICIOUS_MOVE = YES;
				CLANG_WARN_UNGUARDED_AVAILABILITY = YES_AGGRESSIVE;
				CLANG_WARN_UNREACHABLE_CODE = YES;
				CLANG_WARN__DUPLICATE_METHOD_MATCH = YES;
				CODE_SIGN_IDENTITY = "iPhone Developer";
				COPY_PHASE_STRIP = NO;
				DEBUG_INFORMATION_FORMAT = dwarf;
				ENABLE_STRICT_OBJC_MSGSEND = YES;
				ENABLE_TESTABILITY = YES;
				GCC_C_LANGUAGE_STANDARD = gnu11;
				GCC_DYNAMIC_NO_PIC = NO;
				GCC_NO_COMMON_BLOCKS = YES;
				GCC_OPTIMIZATION_LEVEL = 0;
				GCC_PREPROCESSOR_DEFINITIONS = (
					"DEBUG=1",
					"$(inherited)",
				);
				GCC_WARN_64_TO_32_BIT_CONVERSION = YES;
				GCC_WARN_ABOUT_RETURN_TYPE = YES_ERROR;
				GCC_WARN_UNDECLARED_SELECTOR = YES;
				GCC_WARN_UNINITIALIZED_AUTOS = YES_AGGRESSIVE;
				GCC_WARN_UNUSED_FUNCTION = YES;
				GCC_WARN_UNUSED_VARIABLE = YES;
				IPHONEOS_DEPLOYMENT_TARGET = 12.2;
				MTL_ENABLE_DEBUG_INFO = INCLUDE_SOURCE;
				MTL_FAST_MATH = YES;
				ONLY_ACTIVE_ARCH = YES;
				SDKROOT = iphoneos;
				SWIFT_ACTIVE_COMPILATION_CONDITIONS = DEBUG;
				SWIFT_OPTIMIZATION_LEVEL = "-Onone";
			};
			name = Debug;
		};
		7226E17922D3C12900370D23 /* Release */ = {
			isa = XCBuildConfiguration;
			buildSettings = {
				ALWAYS_SEARCH_USER_PATHS = NO;
				CLANG_ANALYZER_NONNULL = YES;
				CLANG_ANALYZER_NUMBER_OBJECT_CONVERSION = YES_AGGRESSIVE;
				CLANG_CXX_LANGUAGE_STANDARD = "gnu++14";
				CLANG_CXX_LIBRARY = "libc++";
				CLANG_ENABLE_MODULES = YES;
				CLANG_ENABLE_OBJC_ARC = YES;
				CLANG_ENABLE_OBJC_WEAK = YES;
				CLANG_WARN_BLOCK_CAPTURE_AUTORELEASING = YES;
				CLANG_WARN_BOOL_CONVERSION = YES;
				CLANG_WARN_COMMA = YES;
				CLANG_WARN_CONSTANT_CONVERSION = YES;
				CLANG_WARN_DEPRECATED_OBJC_IMPLEMENTATIONS = YES;
				CLANG_WARN_DIRECT_OBJC_ISA_USAGE = YES_ERROR;
				CLANG_WARN_DOCUMENTATION_COMMENTS = YES;
				CLANG_WARN_EMPTY_BODY = YES;
				CLANG_WARN_ENUM_CONVERSION = YES;
				CLANG_WARN_INFINITE_RECURSION = YES;
				CLANG_WARN_INT_CONVERSION = YES;
				CLANG_WARN_NON_LITERAL_NULL_CONVERSION = YES;
				CLANG_WARN_OBJC_IMPLICIT_RETAIN_SELF = YES;
				CLANG_WARN_OBJC_LITERAL_CONVERSION = YES;
				CLANG_WARN_OBJC_ROOT_CLASS = YES_ERROR;
				CLANG_WARN_RANGE_LOOP_ANALYSIS = YES;
				CLANG_WARN_STRICT_PROTOTYPES = YES;
				CLANG_WARN_SUSPICIOUS_MOVE = YES;
				CLANG_WARN_UNGUARDED_AVAILABILITY = YES_AGGRESSIVE;
				CLANG_WARN_UNREACHABLE_CODE = YES;
				CLANG_WARN__DUPLICATE_METHOD_MATCH = YES;
				CODE_SIGN_IDENTITY = "iPhone Developer";
				COPY_PHASE_STRIP = NO;
				DEBUG_INFORMATION_FORMAT = "dwarf-with-dsym";
				ENABLE_NS_ASSERTIONS = NO;
				ENABLE_STRICT_OBJC_MSGSEND = YES;
				GCC_C_LANGUAGE_STANDARD = gnu11;
				GCC_NO_COMMON_BLOCKS = YES;
				GCC_WARN_64_TO_32_BIT_CONVERSION = YES;
				GCC_WARN_ABOUT_RETURN_TYPE = YES_ERROR;
				GCC_WARN_UNDECLARED_SELECTOR = YES;
				GCC_WARN_UNINITIALIZED_AUTOS = YES_AGGRESSIVE;
				GCC_WARN_UNUSED_FUNCTION = YES;
				GCC_WARN_UNUSED_VARIABLE = YES;
				IPHONEOS_DEPLOYMENT_TARGET = 12.2;
				MTL_ENABLE_DEBUG_INFO = NO;
				MTL_FAST_MATH = YES;
				SDKROOT = iphoneos;
				SWIFT_COMPILATION_MODE = wholemodule;
				SWIFT_OPTIMIZATION_LEVEL = "-O";
				VALIDATE_PRODUCT = YES;
			};
			name = Release;
		};
		7226E17B22D3C12900370D23 /* Debug */ = {
			isa = XCBuildConfiguration;
			buildSettings = {
				ASSETCATALOG_COMPILER_APPICON_NAME = AppIcon;
				CODE_SIGN_IDENTITY = "iPhone Developer";
				CODE_SIGN_STYLE = Automatic;
				DEVELOPMENT_TEAM = 6TQ42569MR;
				FRAMEWORK_SEARCH_PATHS = (
					"$(inherited)",
					"$(PROJECT_DIR)/Carthage/Build/iOS",
				);
				INFOPLIST_FILE = anesmusic/Info.plist;
				LD_RUNPATH_SEARCH_PATHS = (
					"$(inherited)",
					"@executable_path/Frameworks",
				);
				PRODUCT_BUNDLE_IDENTIFIER = com.dev.anesmusic;
				PRODUCT_NAME = "$(TARGET_NAME)";
				PROVISIONING_PROFILE_SPECIFIER = "";
				SWIFT_VERSION = 5.0;
				TARGETED_DEVICE_FAMILY = "1,2";
			};
			name = Debug;
		};
		7226E17C22D3C12900370D23 /* Release */ = {
			isa = XCBuildConfiguration;
			buildSettings = {
				ASSETCATALOG_COMPILER_APPICON_NAME = AppIcon;
				CODE_SIGN_IDENTITY = "iPhone Developer";
				CODE_SIGN_STYLE = Automatic;
				DEVELOPMENT_TEAM = 6TQ42569MR;
				FRAMEWORK_SEARCH_PATHS = (
					"$(inherited)",
					"$(PROJECT_DIR)/Carthage/Build/iOS",
				);
				INFOPLIST_FILE = anesmusic/Info.plist;
				LD_RUNPATH_SEARCH_PATHS = (
					"$(inherited)",
					"@executable_path/Frameworks",
				);
				PRODUCT_BUNDLE_IDENTIFIER = com.dev.anesmusic;
				PRODUCT_NAME = "$(TARGET_NAME)";
				PROVISIONING_PROFILE_SPECIFIER = "";
				SWIFT_VERSION = 5.0;
				TARGETED_DEVICE_FAMILY = "1,2";
			};
			name = Release;
		};
		7226E17E22D3C12900370D23 /* Debug */ = {
			isa = XCBuildConfiguration;
			buildSettings = {
				ALWAYS_EMBED_SWIFT_STANDARD_LIBRARIES = YES;
				BUNDLE_LOADER = "$(TEST_HOST)";
				CODE_SIGN_STYLE = Automatic;
				DEVELOPMENT_TEAM = 85H657AN2C;
				INFOPLIST_FILE = anesmusicTests/Info.plist;
				LD_RUNPATH_SEARCH_PATHS = (
					"$(inherited)",
					"@executable_path/Frameworks",
					"@loader_path/Frameworks",
				);
				PRODUCT_BUNDLE_IDENTIFIER = com.lslv1243.anesmusicTests;
				PRODUCT_NAME = "$(TARGET_NAME)";
				SWIFT_VERSION = 5.0;
				TARGETED_DEVICE_FAMILY = "1,2";
				TEST_HOST = "$(BUILT_PRODUCTS_DIR)/anesmusic.app/anesmusic";
			};
			name = Debug;
		};
		7226E17F22D3C12900370D23 /* Release */ = {
			isa = XCBuildConfiguration;
			buildSettings = {
				ALWAYS_EMBED_SWIFT_STANDARD_LIBRARIES = YES;
				BUNDLE_LOADER = "$(TEST_HOST)";
				CODE_SIGN_STYLE = Automatic;
				DEVELOPMENT_TEAM = 85H657AN2C;
				INFOPLIST_FILE = anesmusicTests/Info.plist;
				LD_RUNPATH_SEARCH_PATHS = (
					"$(inherited)",
					"@executable_path/Frameworks",
					"@loader_path/Frameworks",
				);
				PRODUCT_BUNDLE_IDENTIFIER = com.lslv1243.anesmusicTests;
				PRODUCT_NAME = "$(TARGET_NAME)";
				SWIFT_VERSION = 5.0;
				TARGETED_DEVICE_FAMILY = "1,2";
				TEST_HOST = "$(BUILT_PRODUCTS_DIR)/anesmusic.app/anesmusic";
			};
			name = Release;
		};
/* End XCBuildConfiguration section */

/* Begin XCConfigurationList section */
		7226E15822D3C12700370D23 /* Build configuration list for PBXProject "anesmusic" */ = {
			isa = XCConfigurationList;
			buildConfigurations = (
				7226E17822D3C12900370D23 /* Debug */,
				7226E17922D3C12900370D23 /* Release */,
			);
			defaultConfigurationIsVisible = 0;
			defaultConfigurationName = Release;
		};
		7226E17A22D3C12900370D23 /* Build configuration list for PBXNativeTarget "anesmusic" */ = {
			isa = XCConfigurationList;
			buildConfigurations = (
				7226E17B22D3C12900370D23 /* Debug */,
				7226E17C22D3C12900370D23 /* Release */,
			);
			defaultConfigurationIsVisible = 0;
			defaultConfigurationName = Release;
		};
		7226E17D22D3C12900370D23 /* Build configuration list for PBXNativeTarget "anesmusicTests" */ = {
			isa = XCConfigurationList;
			buildConfigurations = (
				7226E17E22D3C12900370D23 /* Debug */,
				7226E17F22D3C12900370D23 /* Release */,
			);
			defaultConfigurationIsVisible = 0;
			defaultConfigurationName = Release;
		};
/* End XCConfigurationList section */
	};
	rootObject = 7226E15522D3C12700370D23 /* Project object */;
}
